// !$*UTF8*$!
{
	archiveVersion = 1;
	classes = {
	};
	objectVersion = 56;
	objects = {

/* Begin PBXBuildFile section */
		8DEAA07A28AD5D33008772DC /* HelloNavigationApp.swift in Sources */ = {isa = PBXBuildFile; fileRef = 8DEAA07928AD5D33008772DC /* HelloNavigationApp.swift */; };
		8DEAA07C28AD5D33008772DC /* ContentView.swift in Sources */ = {isa = PBXBuildFile; fileRef = 8DEAA07B28AD5D33008772DC /* ContentView.swift */; };
		8DEAA07E28AD5D34008772DC /* Assets.xcassets in Resources */ = {isa = PBXBuildFile; fileRef = 8DEAA07D28AD5D34008772DC /* Assets.xcassets */; };
		8DEAA08128AD5D34008772DC /* Preview Assets.xcassets in Resources */ = {isa = PBXBuildFile; fileRef = 8DEAA08028AD5D34008772DC /* Preview Assets.xcassets */; };
		8DEAA08A28AD60E0008772DC /* Place.swift in Sources */ = {isa = PBXBuildFile; fileRef = 8DEAA08928AD60E0008772DC /* Place.swift */; };
		8DEAA08C28AD6113008772DC /* PlaceDetailView.swift in Sources */ = {isa = PBXBuildFile; fileRef = 8DEAA08B28AD6113008772DC /* PlaceDetailView.swift */; };
		8DEAA09228AD7930008772DC /* snippets in Resources */ = {isa = PBXBuildFile; fileRef = 8DEAA09128AD7930008772DC /* snippets */; };
		8DEAA09428AD7C8E008772DC /* ReviewListView.swift in Sources */ = {isa = PBXBuildFile; fileRef = 8DEAA09328AD7C8E008772DC /* ReviewListView.swift */; };
/* End PBXBuildFile section */

/* Begin PBXFileReference section */
		8DEAA07628AD5D33008772DC /* HelloNavigation.app */ = {isa = PBXFileReference; explicitFileType = wrapper.application; includeInIndex = 0; path = HelloNavigation.app; sourceTree = BUILT_PRODUCTS_DIR; };
		8DEAA07928AD5D33008772DC /* HelloNavigationApp.swift */ = {isa = PBXFileReference; lastKnownFileType = sourcecode.swift; path = HelloNavigationApp.swift; sourceTree = "<group>"; };
		8DEAA07B28AD5D33008772DC /* ContentView.swift */ = {isa = PBXFileReference; lastKnownFileType = sourcecode.swift; path = ContentView.swift; sourceTree = "<group>"; };
		8DEAA07D28AD5D34008772DC /* Assets.xcassets */ = {isa = PBXFileReference; lastKnownFileType = folder.assetcatalog; path = Assets.xcassets; sourceTree = "<group>"; };
		8DEAA08028AD5D34008772DC /* Preview Assets.xcassets */ = {isa = PBXFileReference; lastKnownFileType = folder.assetcatalog; path = "Preview Assets.xcassets"; sourceTree = "<group>"; };
		8DEAA08928AD60E0008772DC /* Place.swift */ = {isa = PBXFileReference; lastKnownFileType = sourcecode.swift; path = Place.swift; sourceTree = "<group>"; };
		8DEAA08B28AD6113008772DC /* PlaceDetailView.swift */ = {isa = PBXFileReference; lastKnownFileType = sourcecode.swift; path = PlaceDetailView.swift; sourceTree = "<group>"; };
		8DEAA09128AD7930008772DC /* snippets */ = {isa = PBXFileReference; lastKnownFileType = text; path = snippets; sourceTree = "<group>"; };
		8DEAA09328AD7C8E008772DC /* ReviewListView.swift */ = {isa = PBXFileReference; lastKnownFileType = sourcecode.swift; path = ReviewListView.swift; sourceTree = "<group>"; };
/* End PBXFileReference section */

/* Begin PBXFrameworksBuildPhase section */
		8DEAA07328AD5D33008772DC /* Frameworks */ = {
			isa = PBXFrameworksBuildPhase;
			buildActionMask = 2147483647;
			files = (
			);
			runOnlyForDeploymentPostprocessing = 0;
		};
/* End PBXFrameworksBuildPhase section */

/* Begin PBXGroup section */
		8DEAA06D28AD5D32008772DC = {
			isa = PBXGroup;
			children = (
				8DEAA07828AD5D33008772DC /* HelloNavigation */,
				8DEAA07728AD5D33008772DC /* Products */,
			);
			sourceTree = "<group>";
		};
		8DEAA07728AD5D33008772DC /* Products */ = {
			isa = PBXGroup;
			children = (
				8DEAA07628AD5D33008772DC /* HelloNavigation.app */,
			);
			name = Products;
			sourceTree = "<group>";
		};
		8DEAA07828AD5D33008772DC /* HelloNavigation */ = {
			isa = PBXGroup;
			children = (
				8DEAA08828AD60C0008772DC /* Views */,
				8DEAA08728AD60BA008772DC /* Models */,
				8DEAA07928AD5D33008772DC /* HelloNavigationApp.swift */,
				8DEAA07B28AD5D33008772DC /* ContentView.swift */,
				8DEAA07D28AD5D34008772DC /* Assets.xcassets */,
				8DEAA07F28AD5D34008772DC /* Preview Content */,
				8DEAA09128AD7930008772DC /* snippets */,
			);
			path = HelloNavigation;
			sourceTree = "<group>";
		};
		8DEAA07F28AD5D34008772DC /* Preview Content */ = {
			isa = PBXGroup;
			children = (
				8DEAA08028AD5D34008772DC /* Preview Assets.xcassets */,
			);
			path = "Preview Content";
			sourceTree = "<group>";
		};
		8DEAA08728AD60BA008772DC /* Models */ = {
			isa = PBXGroup;
			children = (
				8DEAA08928AD60E0008772DC /* Place.swift */,
			);
			path = Models;
			sourceTree = "<group>";
		};
		8DEAA08828AD60C0008772DC /* Views */ = {
			isa = PBXGroup;
			children = (
				8DEAA08B28AD6113008772DC /* PlaceDetailView.swift */,
				8DEAA09328AD7C8E008772DC /* ReviewListView.swift */,
			);
			path = Views;
			sourceTree = "<group>";
		};
/* End PBXGroup section */

/* Begin PBXNativeTarget section */
		8DEAA07528AD5D33008772DC /* HelloNavigation */ = {
			isa = PBXNativeTarget;
			buildConfigurationList = 8DEAA08428AD5D34008772DC /* Build configuration list for PBXNativeTarget "HelloNavigation" */;
			buildPhases = (
				8DEAA07228AD5D33008772DC /* Sources */,
				8DEAA07328AD5D33008772DC /* Frameworks */,
				8DEAA07428AD5D33008772DC /* Resources */,
			);
			buildRules = (
			);
			dependencies = (
			);
			name = HelloNavigation;
			productName = HelloNavigation;
			productReference = 8DEAA07628AD5D33008772DC /* HelloNavigation.app */;
			productType = "com.apple.product-type.application";
		};
/* End PBXNativeTarget section */

/* Begin PBXProject section */
		8DEAA06E28AD5D32008772DC /* Project object */ = {
			isa = PBXProject;
			attributes = {
				BuildIndependentTargetsInParallel = 1;
				LastSwiftUpdateCheck = 1400;
				LastUpgradeCheck = 1400;
				TargetAttributes = {
					8DEAA07528AD5D33008772DC = {
						CreatedOnToolsVersion = 14.0;
					};
				};
			};
			buildConfigurationList = 8DEAA07128AD5D32008772DC /* Build configuration list for PBXProject "HelloNavigation" */;
			compatibilityVersion = "Xcode 14.0";
			developmentRegion = en;
			hasScannedForEncodings = 0;
			knownRegions = (
				en,
				Base,
			);
			mainGroup = 8DEAA06D28AD5D32008772DC;
			productRefGroup = 8DEAA07728AD5D33008772DC /* Products */;
			projectDirPath = "";
			projectRoot = "";
			targets = (
				8DEAA07528AD5D33008772DC /* HelloNavigation */,
			);
		};
/* End PBXProject section */

/* Begin PBXResourcesBuildPhase section */
		8DEAA07428AD5D33008772DC /* Resources */ = {
			isa = PBXResourcesBuildPhase;
			buildActionMask = 2147483647;
			files = (
				8DEAA08128AD5D34008772DC /* Preview Assets.xcassets in Resources */,
				8DEAA09228AD7930008772DC /* snippets in Resources */,
				8DEAA07E28AD5D34008772DC /* Assets.xcassets in Resources */,
			);
			runOnlyForDeploymentPostprocessing = 0;
		};
/* End PBXResourcesBuildPhase section */

/* Begin PBXSourcesBuildPhase section */
		8DEAA07228AD5D33008772DC /* Sources */ = {
			isa = PBXSourcesBuildPhase;
			buildActionMask = 2147483647;
			files = (
				8DEAA08A28AD60E0008772DC /* Place.swift in Sources */,
				8DEAA07C28AD5D33008772DC /* ContentView.swift in Sources */,
				8DEAA07A28AD5D33008772DC /* HelloNavigationApp.swift in Sources */,
				8DEAA08C28AD6113008772DC /* PlaceDetailView.swift in Sources */,
				8DEAA09428AD7C8E008772DC /* ReviewListView.swift in Sources */,
			);
			runOnlyForDeploymentPostprocessing = 0;
		};
/* End PBXSourcesBuildPhase section */

/* Begin XCBuildConfiguration section */
		8DEAA08228AD5D34008772DC /* Debug */ = {
			isa = XCBuildConfiguration;
			buildSettings = {
				ALWAYS_SEARCH_USER_PATHS = NO;
				CLANG_ANALYZER_NONNULL = YES;
				CLANG_ANALYZER_NUMBER_OBJECT_CONVERSION = YES_AGGRESSIVE;
				CLANG_CXX_LANGUAGE_STANDARD = "gnu++20";
				CLANG_ENABLE_MODULES = YES;
				CLANG_ENABLE_OBJC_ARC = YES;
				CLANG_ENABLE_OBJC_WEAK = YES;
				CLANG_WARN_BLOCK_CAPTURE_AUTORELEASING = YES;
				CLANG_WARN_BOOL_CONVERSION = YES;
				CLANG_WARN_COMMA = YES;
				CLANG_WARN_CONSTANT_CONVERSION = YES;
				CLANG_WARN_DEPRECATED_OBJC_IMPLEMENTATIONS = YES;
				CLANG_WARN_DIRECT_OBJC_ISA_USAGE = YES_ERROR;
				CLANG_WARN_DOCUMENTATION_COMMENTS = YES;
				CLANG_WARN_EMPTY_BODY = YES;
				CLANG_WARN_ENUM_CONVERSION = YES;
				CLANG_WARN_INFINITE_RECURSION = YES;
				CLANG_WARN_INT_CONVERSION = YES;
				CLANG_WARN_NON_LITERAL_NULL_CONVERSION = YES;
				CLANG_WARN_OBJC_IMPLICIT_RETAIN_SELF = YES;
				CLANG_WARN_OBJC_LITERAL_CONVERSION = YES;
				CLANG_WARN_OBJC_ROOT_CLASS = YES_ERROR;
				CLANG_WARN_QUOTED_INCLUDE_IN_FRAMEWORK_HEADER = YES;
				CLANG_WARN_RANGE_LOOP_ANALYSIS = YES;
				CLANG_WARN_STRICT_PROTOTYPES = YES;
				CLANG_WARN_SUSPICIOUS_MOVE = YES;
				CLANG_WARN_UNGUARDED_AVAILABILITY = YES_AGGRESSIVE;
				CLANG_WARN_UNREACHABLE_CODE = YES;
				CLANG_WARN__DUPLICATE_METHOD_MATCH = YES;
				COPY_PHASE_STRIP = NO;
				DEBUG_INFORMATION_FORMAT = dwarf;
				ENABLE_STRICT_OBJC_MSGSEND = YES;
				ENABLE_TESTABILITY = YES;
				GCC_C_LANGUAGE_STANDARD = gnu11;
				GCC_DYNAMIC_NO_PIC = NO;
				GCC_NO_COMMON_BLOCKS = YES;
				GCC_OPTIMIZATION_LEVEL = 0;
				GCC_PREPROCESSOR_DEFINITIONS = (
					"DEBUG=1",
					"$(inherited)",
				);
				GCC_WARN_64_TO_32_BIT_CONVERSION = YES;
				GCC_WARN_ABOUT_RETURN_TYPE = YES_ERROR;
				GCC_WARN_UNDECLARED_SELECTOR = YES;
				GCC_WARN_UNINITIALIZED_AUTOS = YES_AGGRESSIVE;
				GCC_WARN_UNUSED_FUNCTION = YES;
				GCC_WARN_UNUSED_VARIABLE = YES;
				IPHONEOS_DEPLOYMENT_TARGET = 16.0;
				MTL_ENABLE_DEBUG_INFO = INCLUDE_SOURCE;
				MTL_FAST_MATH = YES;
				ONLY_ACTIVE_ARCH = YES;
				SDKROOT = iphoneos;
				SWIFT_ACTIVE_COMPILATION_CONDITIONS = DEBUG;
				SWIFT_OPTIMIZATION_LEVEL = "-Onone";
			};
			name = Debug;
		};
		8DEAA08328AD5D34008772DC /* Release */ = {
			isa = XCBuildConfiguration;
			buildSettings = {
				ALWAYS_SEARCH_USER_PATHS = NO;
				CLANG_ANALYZER_NONNULL = YES;
				CLANG_ANALYZER_NUMBER_OBJECT_CONVERSION = YES_AGGRESSIVE;
				CLANG_CXX_LANGUAGE_STANDARD = "gnu++20";
				CLANG_ENABLE_MODULES = YES;
				CLANG_ENABLE_OBJC_ARC = YES;
				CLANG_ENABLE_OBJC_WEAK = YES;
				CLANG_WARN_BLOCK_CAPTURE_AUTORELEASING = YES;
				CLANG_WARN_BOOL_CONVERSION = YES;
				CLANG_WARN_COMMA = YES;
				CLANG_WARN_CONSTANT_CONVERSION = YES;
				CLANG_WARN_DEPRECATED_OBJC_IMPLEMENTATIONS = YES;
				CLANG_WARN_DIRECT_OBJC_ISA_USAGE = YES_ERROR;
				CLANG_WARN_DOCUMENTATION_COMMENTS = YES;
				CLANG_WARN_EMPTY_BODY = YES;
				CLANG_WARN_ENUM_CONVERSION = YES;
				CLANG_WARN_INFINITE_RECURSION = YES;
				CLANG_WARN_INT_CONVERSION = YES;
				CLANG_WARN_NON_LITERAL_NULL_CONVERSION = YES;
				CLANG_WARN_OBJC_IMPLICIT_RETAIN_SELF = YES;
				CLANG_WARN_OBJC_LITERAL_CONVERSION = YES;
				CLANG_WARN_OBJC_ROOT_CLASS = YES_ERROR;
				CLANG_WARN_QUOTED_INCLUDE_IN_FRAMEWORK_HEADER = YES;
				CLANG_WARN_RANGE_LOOP_ANALYSIS = YES;
				CLANG_WARN_STRICT_PROTOTYPES = YES;
				CLANG_WARN_SUSPICIOUS_MOVE = YES;
				CLANG_WARN_UNGUARDED_AVAILABILITY = YES_AGGRESSIVE;
				CLANG_WARN_UNREACHABLE_CODE = YES;
				CLANG_WARN__DUPLICATE_METHOD_MATCH = YES;
				COPY_PHASE_STRIP = NO;
				DEBUG_INFORMATION_FORMAT = "dwarf-with-dsym";
				ENABLE_NS_ASSERTIONS = NO;
				ENABLE_STRICT_OBJC_MSGSEND = YES;
				GCC_C_LANGUAGE_STANDARD = gnu11;
				GCC_NO_COMMON_BLOCKS = YES;
				GCC_WARN_64_TO_32_BIT_CONVERSION = YES;
				GCC_WARN_ABOUT_RETURN_TYPE = YES_ERROR;
				GCC_WARN_UNDECLARED_SELECTOR = YES;
				GCC_WARN_UNINITIALIZED_AUTOS = YES_AGGRESSIVE;
				GCC_WARN_UNUSED_FUNCTION = YES;
				GCC_WARN_UNUSED_VARIABLE = YES;
				IPHONEOS_DEPLOYMENT_TARGET = 16.0;
				MTL_ENABLE_DEBUG_INFO = NO;
				MTL_FAST_MATH = YES;
				SDKROOT = iphoneos;
				SWIFT_COMPILATION_MODE = wholemodule;
				SWIFT_OPTIMIZATION_LEVEL = "-O";
				VALIDATE_PRODUCT = YES;
			};
			name = Release;
		};
		8DEAA08528AD5D34008772DC /* Debug */ = {
			isa = XCBuildConfiguration;
			buildSettings = {
				ASSETCATALOG_COMPILER_APPICON_NAME = AppIcon;
				ASSETCATALOG_COMPILER_GLOBAL_ACCENT_COLOR_NAME = AccentColor;
				CODE_SIGN_STYLE = Automatic;
				CURRENT_PROJECT_VERSION = 1;
				DEVELOPMENT_ASSET_PATHS = "\"HelloNavigation/Preview Content\"";
				DEVELOPMENT_TEAM = B2Q8EGNCQA;
				ENABLE_PREVIEWS = YES;
				GENERATE_INFOPLIST_FILE = YES;
				INFOPLIST_KEY_UIApplicationSceneManifest_Generation = YES;
				INFOPLIST_KEY_UIApplicationSupportsIndirectInputEvents = YES;
				INFOPLIST_KEY_UILaunchScreen_Generation = YES;
				INFOPLIST_KEY_UISupportedInterfaceOrientations_iPad = "UIInterfaceOrientationPortrait UIInterfaceOrientationPortraitUpsideDown UIInterfaceOrientationLandscapeLeft UIInterfaceOrientationLandscapeRight";
				INFOPLIST_KEY_UISupportedInterfaceOrientations_iPhone = "UIInterfaceOrientationPortrait UIInterfaceOrientationLandscapeLeft UIInterfaceOrientationLandscapeRight";
				LD_RUNPATH_SEARCH_PATHS = (
					"$(inherited)",
					"@executable_path/Frameworks",
				);
				MARKETING_VERSION = 1.0;
				PRODUCT_BUNDLE_IDENTIFIER = com.azamsharp.HelloNavigation;
				PRODUCT_NAME = "$(TARGET_NAME)";
				SWIFT_EMIT_LOC_STRINGS = YES;
				SWIFT_VERSION = 5.0;
				TARGETED_DEVICE_FAMILY = "1,2";
			};
			name = Debug;
		};
		8DEAA08628AD5D34008772DC /* Release */ = {
			isa = XCBuildConfiguration;
			buildSettings = {
				ASSETCATALOG_COMPILER_APPICON_NAME = AppIcon;
				ASSETCATALOG_COMPILER_GLOBAL_ACCENT_COLOR_NAME = AccentColor;
				CODE_SIGN_STYLE = Automatic;
				CURRENT_PROJECT_VERSION = 1;
				DEVELOPMENT_ASSET_PATHS = "\"HelloNavigation/Preview Content\"";
				DEVELOPMENT_TEAM = B2Q8EGNCQA;
				ENABLE_PREVIEWS = YES;
				GENERATE_INFOPLIST_FILE = YES;
				INFOPLIST_KEY_UIApplicationSceneManifest_Generation = YES;
				INFOPLIST_KEY_UIApplicationSupportsIndirectInputEvents = YES;
				INFOPLIST_KEY_UILaunchScreen_Generation = YES;
				INFOPLIST_KEY_UISupportedInterfaceOrientations_iPad = "UIInterfaceOrientationPortrait UIInterfaceOrientationPortraitUpsideDown UIInterfaceOrientationLandscapeLeft UIInterfaceOrientationLandscapeRight";
				INFOPLIST_KEY_UISupportedInterfaceOrientations_iPhone = "UIInterfaceOrientationPortrait UIInterfaceOrientationLandscapeLeft UIInterfaceOrientationLandscapeRight";
				LD_RUNPATH_SEARCH_PATHS = (
					"$(inherited)",
					"@executable_path/Frameworks",
				);
				MARKETING_VERSION = 1.0;
				PRODUCT_BUNDLE_IDENTIFIER = com.azamsharp.HelloNavigation;
				PRODUCT_NAME = "$(TARGET_NAME)";
				SWIFT_EMIT_LOC_STRINGS = YES;
				SWIFT_VERSION = 5.0;
				TARGETED_DEVICE_FAMILY = "1,2";
			};
			name = Release;
		};
/* End XCBuildConfiguration section */

/* Begin XCConfigurationList section */
		8DEAA07128AD5D32008772DC /* Build configuration list for PBXProject "HelloNavigation" */ = {
			isa = XCConfigurationList;
			buildConfigurations = (
				8DEAA08228AD5D34008772DC /* Debug */,
				8DEAA08328AD5D34008772DC /* Release */,
			);
			defaultConfigurationIsVisible = 0;
			defaultConfigurationName = Release;
		};
		8DEAA08428AD5D34008772DC /* Build configuration list for PBXNativeTarget "HelloNavigation" */ = {
			isa = XCConfigurationList;
			buildConfigurations = (
				8DEAA08528AD5D34008772DC /* Debug */,
				8DEAA08628AD5D34008772DC /* Release */,
			);
			defaultConfigurationIsVisible = 0;
			defaultConfigurationName = Release;
		};
/* End XCConfigurationList section */
	};
	rootObject = 8DEAA06E28AD5D32008772DC /* Project object */;
}
